
Microsoft Visual Studio Solution File, Format Version 12.00
# Visual Studio 15
VisualStudioVersion = 15.0.27703.2018
MinimumVisualStudioVersion = 10.0.40219.1
Project("{8BC9CEB8-8B4A-11D0-8D11-00A0C91BC942}") = "ncnn_ssd", "ncnn_ssd\ncnn_ssd.vcxproj", "{FF618545-FBB6-4552-A230-D13F4A3A8B9B}"
EndProject
Global
	GlobalSection(SolutionConfigurationPlatforms) = preSolution
		Debug|x64 = Debug|x64
		Debug|x86 = Debug|x86
		Release|x64 = Release|x64
		Release|x86 = Release|x86
	EndGlobalSection
	GlobalSection(ProjectConfigurationPlatforms) = postSolution
		{FF618545-FBB6-4552-A230-D13F4A3A8B9B}.Debug|x64.ActiveCfg = Debug|x64
		{FF618545-FBB6-4552-A230-D13F4A3A8B9B}.Debug|x64.Build.0 = Debug|x64
		{FF618545-FBB6-4552-A230-D13F4A3A8B9B}.Debug|x86.ActiveCfg = Debug|Win32
		{FF618545-FBB6-4552-A230-D13F4A3A8B9B}.Debug|x86.Build.0 = Debug|Win32
		{FF618545-FBB6-4552-A230-D13F4A3A8B9B}.Release|x64.ActiveCfg = Release|x64
		{FF618545-FBB6-4552-A230-D13F4A3A8B9B}.Release|x64.Build.0 = Release|x64
		{FF618545-FBB6-4552-A230-D13F4A3A8B9B}.Release|x86.ActiveCfg = Release|Win32
		{FF618545-FBB6-4552-A230-D13F4A3A8B9B}.Release|x86.Build.0 = Release|Win32
	EndGlobalSection
	GlobalSection(SolutionProperties) = preSolution
		HideSolutionNode = FALSE
	EndGlobalSection
	GlobalSection(ExtensibilityGlobals) = postSolution
		SolutionGuid = {CE1D2BF1-76D2-4EDA-9F19-8BE6EA844428}
	EndGlobalSection
EndGlobal
